
Microsoft Visual Studio Solution File, Format Version 12.00
# Visual Studio Version 17
VisualStudioVersion = 17.6.33801.468
MinimumVisualStudioVersion = 10.0.40219.1
Project("{FAE04EC0-301F-11D3-BF4B-00C04F79EFBC}") = "AbstractInterfaceProject", "AbstractInterfaceProject\AbstractInterfaceProject.csproj", "{3E983D0C-8939-4EA5-B992-D79A2F7BB71C}"
EndProject
Global
	GlobalSection(SolutionConfigurationPlatforms) = preSolution
		Debug|Any CPU = Debug|Any CPU
		Release|Any CPU = Release|Any CPU
	EndGlobalSection
	GlobalSection(ProjectConfigurationPlatforms) = postSolution
		{3E983D0C-8939-4EA5-B992-D79A2F7BB71C}.Debug|Any CPU.ActiveCfg = Debug|Any CPU
		{3E983D0C-8939-4EA5-B992-D79A2F7BB71C}.Debug|Any CPU.Build.0 = Debug|Any CPU
		{3E983D0C-8939-4EA5-B992-D79A2F7BB71C}.Release|Any CPU.ActiveCfg = Release|Any CPU
		{3E983D0C-8939-4EA5-B992-D79A2F7BB71C}.Release|Any CPU.Build.0 = Release|Any CPU
	EndGlobalSection
	GlobalSection(SolutionProperties) = preSolution
		HideSolutionNode = FALSE
	EndGlobalSection
	GlobalSection(ExtensibilityGlobals) = postSolution
		SolutionGuid = {E2A5EB9F-582B-4AF2-948C-CD7862C71FAB}
	EndGlobalSection
EndGlobal
